{
  "version": 4,
  "terraform_version": "1.13.2",
  "serial": 12,
  "lineage": "009334ad-17ab-22a9-ae94-f78326ef9889",
  "outputs": {},
  "resources": [
    {
      "mode": "managed",
      "type": "azurerm_network_interface",
      "name": "nic",
      "provider": "provider[\"registry.terraform.io/hashicorp/azurerm\"]",
      "instances": [
        {
          "schema_version": 0,
          "attributes": {
            "accelerated_networking_enabled": false,
            "applied_dns_servers": [],
            "auxiliary_mode": "",
            "auxiliary_sku": "",
            "dns_servers": [],
            "edge_zone": "",
            "id": "/subscriptions/d68b2c88-4b18-4f07-a4d9-3570cdcfbb8a/resourceGroups/patel_rg/providers/Microsoft.Network/networkInterfaces/p-nic",
            "internal_dns_name_label": "",
            "internal_domain_name_suffix": "tozjugv4etyulehja51wdoge2c.rx.internal.cloudapp.net",
            "ip_configuration": [
              {
                "gateway_load_balancer_frontend_ip_configuration_id": "",
                "name": "internal",
                "primary": true,
                "private_ip_address": "10.0.1.4",
                "private_ip_address_allocation": "Dynamic",
                "private_ip_address_version": "IPv4",
                "public_ip_address_id": "",
                "subnet_id": "/subscriptions/d68b2c88-4b18-4f07-a4d9-3570cdcfbb8a/resourceGroups/patel_rg/providers/Microsoft.Network/virtualNetworks/p-vnet/subnets/subnet"
              }
            ],
            "ip_forwarding_enabled": false,
            "location": "centralindia",
            "mac_address": "7C-1E-52-3D-8C-77",
            "name": "p-nic",
            "private_ip_address": "10.0.1.4",
            "private_ip_addresses": [
              "10.0.1.4"
            ],
            "resource_group_name": "patel_rg",
            "tags": {},
            "timeouts": null,
            "virtual_machine_id": "/subscriptions/d68b2c88-4b18-4f07-a4d9-3570cdcfbb8a/resourceGroups/patel_rg/providers/Microsoft.Compute/virtualMachines/L-vm"
          },
          "sensitive_attributes": [],
          "identity_schema_version": 0,
          "identity": {
            "name": "p-nic",
            "resource_group_name": "patel_rg",
            "subscription_id": "d68b2c88-4b18-4f07-a4d9-3570cdcfbb8a"
          },
          "private": "eyJlMmJmYjczMC1lY2FhLTExZTYtOGY4OC0zNDM2M2JjN2M0YzAiOnsiY3JlYXRlIjoxODAwMDAwMDAwMDAwLCJkZWxldGUiOjE4MDAwMDAwMDAwMDAsInJlYWQiOjMwMDAwMDAwMDAwMCwidXBkYXRlIjoxODAwMDAwMDAwMDAwfX0=",
          "dependencies": [
            "azurerm_resource_group.p_rg1",
            "azurerm_subnet.sub",
            "azurerm_virtual_network.vnet"
          ]
        }
      ]
    },
    {
      "mode": "managed",
      "type": "azurerm_network_security_group",
      "name": "nsg",
      "provider": "provider[\"registry.terraform.io/hashicorp/azurerm\"]",
      "instances": [
        {
          "schema_version": 0,
          "attributes": {
            "id": "/subscriptions/d68b2c88-4b18-4f07-a4d9-3570cdcfbb8a/resourceGroups/patel_rg/providers/Microsoft.Network/networkSecurityGroups/p-nsg",
            "location": "centralindia",
            "name": "p-nsg",
            "resource_group_name": "patel_rg",
            "security_rule": [
              {
                "access": "Allow",
                "description": "",
                "destination_address_prefix": "*",
                "destination_address_prefixes": [],
                "destination_application_security_group_ids": [],
                "destination_port_range": "*",
                "destination_port_ranges": [],
                "direction": "Inbound",
                "name": "test123",
                "priority": 100,
                "protocol": "Tcp",
                "source_address_prefix": "*",
                "source_address_prefixes": [],
                "source_application_security_group_ids": [],
                "source_port_range": "*",
                "source_port_ranges": []
              }
            ],
            "tags": {},
            "timeouts": null
          },
          "sensitive_attributes": [],
          "identity_schema_version": 0,
          "identity": {
            "name": "p-nsg",
            "resource_group_name": "patel_rg",
            "subscription_id": "d68b2c88-4b18-4f07-a4d9-3570cdcfbb8a"
          },
          "private": "eyJlMmJmYjczMC1lY2FhLTExZTYtOGY4OC0zNDM2M2JjN2M0YzAiOnsiY3JlYXRlIjoxODAwMDAwMDAwMDAwLCJkZWxldGUiOjE4MDAwMDAwMDAwMDAsInJlYWQiOjMwMDAwMDAwMDAwMCwidXBkYXRlIjoxODAwMDAwMDAwMDAwfX0=",
          "dependencies": [
            "azurerm_resource_group.p_rg1"
          ]
        }
      ]
    },
    {
      "mode": "managed",
      "type": "azurerm_public_ip",
      "name": "pip",
      "provider": "provider[\"registry.terraform.io/hashicorp/azurerm\"]",
      "instances": [
        {
          "schema_version": 0,
          "attributes": {
            "allocation_method": "Static",
            "ddos_protection_mode": "VirtualNetworkInherited",
            "ddos_protection_plan_id": null,
            "domain_name_label": null,
            "domain_name_label_scope": null,
            "edge_zone": "",
            "fqdn": null,
            "id": "/subscriptions/d68b2c88-4b18-4f07-a4d9-3570cdcfbb8a/resourceGroups/patel_rg/providers/Microsoft.Network/publicIPAddresses/L_pip",
            "idle_timeout_in_minutes": 4,
            "ip_address": "20.207.201.99",
            "ip_tags": null,
            "ip_version": "IPv4",
            "location": "centralindia",
            "name": "L_pip",
            "public_ip_prefix_id": null,
            "resource_group_name": "patel_rg",
            "reverse_fqdn": null,
            "sku": "Standard",
            "sku_tier": "Regional",
            "tags": null,
            "timeouts": null,
            "zones": null
          },
          "sensitive_attributes": [],
          "identity_schema_version": 0,
          "identity": {
            "name": "L_pip",
            "resource_group_name": "patel_rg",
            "subscription_id": "d68b2c88-4b18-4f07-a4d9-3570cdcfbb8a"
          },
          "private": "eyJlMmJmYjczMC1lY2FhLTExZTYtOGY4OC0zNDM2M2JjN2M0YzAiOnsiY3JlYXRlIjoxODAwMDAwMDAwMDAwLCJkZWxldGUiOjE4MDAwMDAwMDAwMDAsInJlYWQiOjMwMDAwMDAwMDAwMCwidXBkYXRlIjoxODAwMDAwMDAwMDAwfX0=",
          "dependencies": [
            "azurerm_resource_group.p_rg1"
          ]
        }
      ]
    },
    {
      "mode": "managed",
      "type": "azurerm_resource_group",
      "name": "p_rg1",
      "provider": "provider[\"registry.terraform.io/hashicorp/azurerm\"]",
      "instances": [
        {
          "schema_version": 0,
          "attributes": {
            "id": "/subscriptions/d68b2c88-4b18-4f07-a4d9-3570cdcfbb8a/resourceGroups/patel_rg",
            "location": "centralindia",
            "managed_by": "",
            "name": "patel_rg",
            "tags": {},
            "timeouts": null
          },
          "sensitive_attributes": [],
          "identity_schema_version": 0,
          "identity": {
            "name": "patel_rg",
            "subscription_id": "d68b2c88-4b18-4f07-a4d9-3570cdcfbb8a"
          },
          "private": "eyJlMmJmYjczMC1lY2FhLTExZTYtOGY4OC0zNDM2M2JjN2M0YzAiOnsiY3JlYXRlIjo1NDAwMDAwMDAwMDAwLCJkZWxldGUiOjU0MDAwMDAwMDAwMDAsInJlYWQiOjMwMDAwMDAwMDAwMCwidXBkYXRlIjo1NDAwMDAwMDAwMDAwfX0="
        }
      ]
    },
    {
      "mode": "managed",
      "type": "azurerm_subnet",
      "name": "sub",
      "provider": "provider[\"registry.terraform.io/hashicorp/azurerm\"]",
      "instances": [
        {
          "schema_version": 0,
          "attributes": {
            "address_prefixes": [
              "10.0.1.0/24"
            ],
            "default_outbound_access_enabled": true,
            "delegation": [],
            "id": "/subscriptions/d68b2c88-4b18-4f07-a4d9-3570cdcfbb8a/resourceGroups/patel_rg/providers/Microsoft.Network/virtualNetworks/p-vnet/subnets/subnet",
            "ip_address_pool": [],
            "name": "subnet",
            "private_endpoint_network_policies": "Disabled",
            "private_link_service_network_policies_enabled": true,
            "resource_group_name": "patel_rg",
            "service_endpoint_policy_ids": [],
            "service_endpoints": [],
            "sharing_scope": "",
            "timeouts": null,
            "virtual_network_name": "p-vnet"
          },
          "sensitive_attributes": [],
          "identity_schema_version": 0,
          "identity": {
            "name": "subnet",
            "resource_group_name": "patel_rg",
            "subscription_id": "d68b2c88-4b18-4f07-a4d9-3570cdcfbb8a",
            "virtual_network_name": "p-vnet"
          },
          "private": "eyJlMmJmYjczMC1lY2FhLTExZTYtOGY4OC0zNDM2M2JjN2M0YzAiOnsiY3JlYXRlIjoxODAwMDAwMDAwMDAwLCJkZWxldGUiOjE4MDAwMDAwMDAwMDAsInJlYWQiOjMwMDAwMDAwMDAwMCwidXBkYXRlIjoxODAwMDAwMDAwMDAwfX0=",
          "dependencies": [
            "azurerm_resource_group.p_rg1",
            "azurerm_virtual_network.vnet"
          ]
        }
      ]
    },
    {
      "mode": "managed",
      "type": "azurerm_subnet_network_security_group_association",
      "name": "asg",
      "provider": "provider[\"registry.terraform.io/hashicorp/azurerm\"]",
      "instances": [
        {
          "schema_version": 0,
          "attributes": {
            "id": "/subscriptions/d68b2c88-4b18-4f07-a4d9-3570cdcfbb8a/resourceGroups/patel_rg/providers/Microsoft.Network/virtualNetworks/p-vnet/subnets/subnet",
            "network_security_group_id": "/subscriptions/d68b2c88-4b18-4f07-a4d9-3570cdcfbb8a/resourceGroups/patel_rg/providers/Microsoft.Network/networkSecurityGroups/p-nsg",
            "subnet_id": "/subscriptions/d68b2c88-4b18-4f07-a4d9-3570cdcfbb8a/resourceGroups/patel_rg/providers/Microsoft.Network/virtualNetworks/p-vnet/subnets/subnet",
            "timeouts": null
          },
          "sensitive_attributes": [],
          "identity_schema_version": 0,
          "private": "eyJlMmJmYjczMC1lY2FhLTExZTYtOGY4OC0zNDM2M2JjN2M0YzAiOnsiY3JlYXRlIjoxODAwMDAwMDAwMDAwLCJkZWxldGUiOjE4MDAwMDAwMDAwMDAsInJlYWQiOjMwMDAwMDAwMDAwMH19",
          "dependencies": [
            "azurerm_network_security_group.nsg",
            "azurerm_resource_group.p_rg1",
            "azurerm_subnet.sub",
            "azurerm_virtual_network.vnet"
          ]
        }
      ]
    },
    {
      "mode": "managed",
      "type": "azurerm_virtual_machine",
      "name": "linux_machine",
      "provider": "provider[\"registry.terraform.io/hashicorp/azurerm\"]",
      "instances": [
        {
          "schema_version": 0,
          "attributes": {
            "additional_capabilities": [],
            "availability_set_id": null,
            "boot_diagnostics": [],
            "delete_data_disks_on_termination": true,
            "delete_os_disk_on_termination": true,
            "id": "/subscriptions/d68b2c88-4b18-4f07-a4d9-3570cdcfbb8a/resourceGroups/patel_rg/providers/Microsoft.Compute/virtualMachines/L-vm",
            "identity": [],
            "license_type": null,
            "location": "centralindia",
            "name": "L-vm",
            "network_interface_ids": [
              "/subscriptions/d68b2c88-4b18-4f07-a4d9-3570cdcfbb8a/resourceGroups/patel_rg/providers/Microsoft.Network/networkInterfaces/p-nic"
            ],
            "os_profile": [
              {
                "admin_password": "",
                "admin_username": "dkpatel",
                "computer_name": "hostname",
                "custom_data": ""
              }
            ],
            "os_profile_linux_config": [
              {
                "disable_password_authentication": false,
                "ssh_keys": []
              }
            ],
            "os_profile_secrets": [],
            "os_profile_windows_config": [],
            "plan": [],
            "primary_network_interface_id": null,
            "proximity_placement_group_id": null,
            "resource_group_name": "patel_rg",
            "storage_data_disk": [],
            "storage_image_reference": [
              {
                "id": "",
                "offer": "0001-com-ubuntu-server-jammy",
                "publisher": "Canonical",
                "sku": "22_04-lts",
                "version": "latest"
              }
            ],
            "storage_os_disk": [
              {
                "caching": "ReadWrite",
                "create_option": "FromImage",
                "disk_size_gb": 30,
                "image_uri": "",
                "managed_disk_id": "/subscriptions/d68b2c88-4b18-4f07-a4d9-3570cdcfbb8a/resourceGroups/patel_rg/providers/Microsoft.Compute/disks/myosdisk1",
                "managed_disk_type": "Standard_LRS",
                "name": "myosdisk1",
                "os_type": "Linux",
                "vhd_uri": "",
                "write_accelerator_enabled": false
              }
            ],
            "tags": {},
            "timeouts": null,
            "vm_size": "Standard_D2s_v3",
            "zones": []
          },
          "sensitive_attributes": [
            [
              {
                "type": "get_attr",
                "value": "os_profile"
              }
            ]
          ],
          "identity_schema_version": 0,
          "private": "eyJlMmJmYjczMC1lY2FhLTExZTYtOGY4OC0zNDM2M2JjN2M0YzAiOnsiY3JlYXRlIjozNjAwMDAwMDAwMDAwLCJkZWxldGUiOjM2MDAwMDAwMDAwMDAsInJlYWQiOjMwMDAwMDAwMDAwMCwidXBkYXRlIjozNjAwMDAwMDAwMDAwfX0=",
          "dependencies": [
            "azurerm_network_interface.nic",
            "azurerm_resource_group.p_rg1",
            "azurerm_subnet.sub",
            "azurerm_virtual_network.vnet"
          ]
        }
      ]
    },
    {
      "mode": "managed",
      "type": "azurerm_virtual_network",
      "name": "vnet",
      "provider": "provider[\"registry.terraform.io/hashicorp/azurerm\"]",
      "instances": [
        {
          "schema_version": 0,
          "attributes": {
            "address_space": [
              "10.0.0.0/16"
            ],
            "bgp_community": "",
            "ddos_protection_plan": [],
            "dns_servers": [],
            "edge_zone": "",
            "encryption": [],
            "flow_timeout_in_minutes": 0,
            "guid": "1a9ab29b-24be-45f1-90e9-07f761b8c4e2",
            "id": "/subscriptions/d68b2c88-4b18-4f07-a4d9-3570cdcfbb8a/resourceGroups/patel_rg/providers/Microsoft.Network/virtualNetworks/p-vnet",
            "ip_address_pool": [],
            "location": "centralindia",
            "name": "p-vnet",
            "private_endpoint_vnet_policies": "Disabled",
            "resource_group_name": "patel_rg",
            "subnet": [
              {
                "address_prefixes": [
                  "10.0.1.0/24"
                ],
                "default_outbound_access_enabled": true,
                "delegation": [],
                "id": "/subscriptions/d68b2c88-4b18-4f07-a4d9-3570cdcfbb8a/resourceGroups/patel_rg/providers/Microsoft.Network/virtualNetworks/p-vnet/subnets/subnet",
                "name": "subnet",
                "private_endpoint_network_policies": "Disabled",
                "private_link_service_network_policies_enabled": true,
                "route_table_id": "",
                "security_group": "/subscriptions/d68b2c88-4b18-4f07-a4d9-3570cdcfbb8a/resourceGroups/patel_rg/providers/Microsoft.Network/networkSecurityGroups/p-nsg",
                "service_endpoint_policy_ids": [],
                "service_endpoints": []
              }
            ],
            "tags": {},
            "timeouts": null
          },
          "sensitive_attributes": [],
          "identity_schema_version": 0,
          "identity": {
            "name": "p-vnet",
            "resource_group_name": "patel_rg",
            "subscription_id": "d68b2c88-4b18-4f07-a4d9-3570cdcfbb8a"
          },
          "private": "eyJlMmJmYjczMC1lY2FhLTExZTYtOGY4OC0zNDM2M2JjN2M0YzAiOnsiY3JlYXRlIjoxODAwMDAwMDAwMDAwLCJkZWxldGUiOjE4MDAwMDAwMDAwMDAsInJlYWQiOjMwMDAwMDAwMDAwMCwidXBkYXRlIjoxODAwMDAwMDAwMDAwfX0=",
          "dependencies": [
            "azurerm_resource_group.p_rg1"
          ]
        }
      ]
    }
  ],
  "check_results": null
}
